# This file is automatically @generated by Cargo.
# It is not intended for manual editing.
version = 4

[[package]]
name = "downwards-ai"
version = "0.1.0"
dependencies = [
 "downwards-core",
]

[[package]]
name = "downwards-core"
version = "0.1.0"

[[package]]
name = "downwards-lab"
version = "0.1.0"
dependencies = [
 "downwards-ai",
 "downwards-core",
]
